# This file is autogenerated, do not edit; changes may be undone by the next 'dep ensure'.


[[projects]]
  name = "github.com/clbanning/mxj"
  packages = ["."]
  revision = "1f00e0bf9bacd7ea9c93d27594d1d1f5a41bac36"
  version = "v1.8"

[[projects]]
  branch = "master"
  name = "github.com/knq/snaker"
  packages = ["."]
  revision = "d9ad1e7f342a5b58202aa92c5f1106d7bb8b9c73"

[solve-meta]
  analyzer-name = "dep"
  analyzer-version = 1
  inputs-digest = "3b6bab0032132e8006ee23fd0418f659e19cc5ad8add9804e2bafcb8bb68e53d"
  solver-name = "gps-cdcl"
  solver-version = 1
